// !$*UTF8*$!
{
	archiveVersion = 1;
	classes = {
	};
	objectVersion = 46;
	objects = {

/* Begin PBXBuildFile section */
		665650C11FEF093000E00E02 /* AppDelegate.swift in Sources */ = {isa = PBXBuildFile; fileRef = 665650C01FEF093000E00E02 /* AppDelegate.swift */; };
		665650C31FEF093000E00E02 /* ViewController.swift in Sources */ = {isa = PBXBuildFile; fileRef = 665650C21FEF093000E00E02 /* ViewController.swift */; };
		665650C61FEF093000E00E02 /* Main.storyboard in Resources */ = {isa = PBXBuildFile; fileRef = 665650C41FEF093000E00E02 /* Main.storyboard */; };
		665650C81FEF093000E00E02 /* Assets.xcassets in Resources */ = {isa = PBXBuildFile; fileRef = 665650C71FEF093000E00E02 /* Assets.xcassets */; };
		665650CB1FEF093000E00E02 /* LaunchScreen.storyboard in Resources */ = {isa = PBXBuildFile; fileRef = 665650C91FEF093000E00E02 /* LaunchScreen.storyboard */; };
		665650D61FEF093000E00E02 /* DistracktTests.swift in Sources */ = {isa = PBXBuildFile; fileRef = 665650D51FEF093000E00E02 /* DistracktTests.swift */; };
/* End PBXBuildFile section */

/* Begin PBXContainerItemProxy section */
		665650D21FEF093000E00E02 /* PBXContainerItemProxy */ = {
			isa = PBXContainerItemProxy;
			containerPortal = 665650B51FEF093000E00E02 /* Project object */;
			proxyType = 1;
			remoteGlobalIDString = 665650BC1FEF093000E00E02;
			remoteInfo = Distrackt;
		};
/* End PBXContainerItemProxy section */

/* Begin PBXFileReference section */
		665650BD1FEF093000E00E02 /* Distrackt.app */ = {isa = PBXFileReference; explicitFileType = wrapper.application; includeInIndex = 0; path = Distrackt.app; sourceTree = BUILT_PRODUCTS_DIR; };
		665650C01FEF093000E00E02 /* AppDelegate.swift */ = {isa = PBXFileReference; lastKnownFileType = sourcecode.swift; path = AppDelegate.swift; sourceTree = "<group>"; };
		665650C21FEF093000E00E02 /* ViewController.swift */ = {isa = PBXFileReference; lastKnownFileType = sourcecode.swift; path = ViewController.swift; sourceTree = "<group>"; };
		665650C51FEF093000E00E02 /* Base */ = {isa = PBXFileReference; lastKnownFileType = file.storyboard; name = Base; path = Base.lproj/Main.storyboard; sourceTree = "<group>"; };
		665650C71FEF093000E00E02 /* Assets.xcassets */ = {isa = PBXFileReference; lastKnownFileType = folder.assetcatalog; path = Assets.xcassets; sourceTree = "<group>"; };
		665650CA1FEF093000E00E02 /* Base */ = {isa = PBXFileReference; lastKnownFileType = file.storyboard; name = Base; path = Base.lproj/LaunchScreen.storyboard; sourceTree = "<group>"; };
		665650CC1FEF093000E00E02 /* Info.plist */ = {isa = PBXFileReference; lastKnownFileType = text.plist.xml; path = Info.plist; sourceTree = "<group>"; };
		665650D11FEF093000E00E02 /* DistracktTests.xctest */ = {isa = PBXFileReference; explicitFileType = wrapper.cfbundle; includeInIndex = 0; path = DistracktTests.xctest; sourceTree = BUILT_PRODUCTS_DIR; };
		665650D51FEF093000E00E02 /* DistracktTests.swift */ = {isa = PBXFileReference; lastKnownFileType = sourcecode.swift; path = DistracktTests.swift; sourceTree = "<group>"; };
		665650D71FEF093100E00E02 /* Info.plist */ = {isa = PBXFileReference; lastKnownFileType = text.plist.xml; path = Info.plist; sourceTree = "<group>"; };
/* End PBXFileReference section */

/* Begin PBXFrameworksBuildPhase section */
		665650BA1FEF093000E00E02 /* Frameworks */ = {
			isa = PBXFrameworksBuildPhase;
			buildActionMask = 2147483647;
			files = (
			);
			runOnlyForDeploymentPostprocessing = 0;
		};
		665650CE1FEF093000E00E02 /* Frameworks */ = {
			isa = PBXFrameworksBuildPhase;
			buildActionMask = 2147483647;
			files = (
			);
			runOnlyForDeploymentPostprocessing = 0;
		};
/* End PBXFrameworksBuildPhase section */

/* Begin PBXGroup section */
		665650B41FEF093000E00E02 = {
			isa = PBXGroup;
			children = (
				665650BF1FEF093000E00E02 /* Distrackt */,
				665650D41FEF093000E00E02 /* DistracktTests */,
				665650BE1FEF093000E00E02 /* Products */,
			);
			sourceTree = "<group>";
		};
		665650BE1FEF093000E00E02 /* Products */ = {
			isa = PBXGroup;
			children = (
				665650BD1FEF093000E00E02 /* Distrackt.app */,
				665650D11FEF093000E00E02 /* DistracktTests.xctest */,
			);
			name = Products;
			sourceTree = "<group>";
		};
		665650BF1FEF093000E00E02 /* Distrackt */ = {
			isa = PBXGroup;
			children = (
				665650C01FEF093000E00E02 /* AppDelegate.swift */,
				665650C21FEF093000E00E02 /* ViewController.swift */,
				665650C41FEF093000E00E02 /* Main.storyboard */,
				665650C71FEF093000E00E02 /* Assets.xcassets */,
				665650C91FEF093000E00E02 /* LaunchScreen.storyboard */,
				665650CC1FEF093000E00E02 /* Info.plist */,
			);
			path = Distrackt;
			sourceTree = "<group>";
		};
		665650D41FEF093000E00E02 /* DistracktTests */ = {
			isa = PBXGroup;
			children = (
				665650D51FEF093000E00E02 /* DistracktTests.swift */,
				665650D71FEF093100E00E02 /* Info.plist */,
			);
			path = DistracktTests;
			sourceTree = "<group>";
		};
/* End PBXGroup section */

/* Begin PBXNativeTarget section */
		665650BC1FEF093000E00E02 /* Distrackt */ = {
			isa = PBXNativeTarget;
			buildConfigurationList = 665650DA1FEF093100E00E02 /* Build configuration list for PBXNativeTarget "Distrackt" */;
			buildPhases = (
				665650B91FEF093000E00E02 /* Sources */,
				665650BA1FEF093000E00E02 /* Frameworks */,
				665650BB1FEF093000E00E02 /* Resources */,
			);
			buildRules = (
			);
			dependencies = (
			);
			name = Distrackt;
			productName = Distrackt;
			productReference = 665650BD1FEF093000E00E02 /* Distrackt.app */;
			productType = "com.apple.product-type.application";
		};
		665650D01FEF093000E00E02 /* DistracktTests */ = {
			isa = PBXNativeTarget;
			buildConfigurationList = 665650DD1FEF093100E00E02 /* Build configuration list for PBXNativeTarget "DistracktTests" */;
			buildPhases = (
				665650CD1FEF093000E00E02 /* Sources */,
				665650CE1FEF093000E00E02 /* Frameworks */,
				665650CF1FEF093000E00E02 /* Resources */,
			);
			buildRules = (
			);
			dependencies = (
				665650D31FEF093000E00E02 /* PBXTargetDependency */,
			);
			name = DistracktTests;
			productName = DistracktTests;
			productReference = 665650D11FEF093000E00E02 /* DistracktTests.xctest */;
			productType = "com.apple.product-type.bundle.unit-test";
		};
/* End PBXNativeTarget section */

/* Begin PBXProject section */
		665650B51FEF093000E00E02 /* Project object */ = {
			isa = PBXProject;
			attributes = {
				LastSwiftUpdateCheck = 0830;
				LastUpgradeCheck = 0830;
				TargetAttributes = {
					665650BC1FEF093000E00E02 = {
						CreatedOnToolsVersion = 8.3.2;
						DevelopmentTeam = R56WL9QPRA;
						ProvisioningStyle = Automatic;
					};
					665650D01FEF093000E00E02 = {
						CreatedOnToolsVersion = 8.3.2;
						ProvisioningStyle = Automatic;
						TestTargetID = 665650BC1FEF093000E00E02;
					};
				};
			};
			buildConfigurationList = 665650B81FEF093000E00E02 /* Build configuration list for PBXProject "Distrackt" */;
			compatibilityVersion = "Xcode 3.2";
			developmentRegion = English;
			hasScannedForEncodings = 0;
			knownRegions = (
				en,
				Base,
			);
			mainGroup = 665650B41FEF093000E00E02;
			productRefGroup = 665650BE1FEF093000E00E02 /* Products */;
			projectDirPath = "";
			projectRoot = "";
			targets = (
				665650BC1FEF093000E00E02 /* Distrackt */,
				665650D01FEF093000E00E02 /* DistracktTests */,
			);
		};
/* End PBXProject section */

/* Begin PBXResourcesBuildPhase section */
		665650BB1FEF093000E00E02 /* Resources */ = {
			isa = PBXResourcesBuildPhase;
			buildActionMask = 2147483647;
			files = (
				665650CB1FEF093000E00E02 /* LaunchScreen.storyboard in Resources */,
				665650C81FEF093000E00E02 /* Assets.xcassets in Resources */,
				665650C61FEF093000E00E02 /* Main.storyboard in Resources */,
			);
			runOnlyForDeploymentPostprocessing = 0;
		};
		665650CF1FEF093000E00E02 /* Resources */ = {
			isa = PBXResourcesBuildPhase;
			buildActionMask = 2147483647;
			files = (
			);
			runOnlyForDeploymentPostprocessing = 0;
		};
/* End PBXResourcesBuildPhase section */

/* Begin PBXSourcesBuildPhase section */
		665650B91FEF093000E00E02 /* Sources */ = {
			isa = PBXSourcesBuildPhase;
			buildActionMask = 2147483647;
			files = (
				665650C31FEF093000E00E02 /* ViewController.swift in Sources */,
				665650C11FEF093000E00E02 /* AppDelegate.swift in Sources */,
			);
			runOnlyForDeploymentPostprocessing = 0;
		};
		665650CD1FEF093000E00E02 /* Sources */ = {
			isa = PBXSourcesBuildPhase;
			buildActionMask = 2147483647;
			files = (
				665650D61FEF093000E00E02 /* DistracktTests.swift in Sources */,
			);
			runOnlyForDeploymentPostprocessing = 0;
		};
/* End PBXSourcesBuildPhase section */

/* Begin PBXTargetDependency section */
		665650D31FEF093000E00E02 /* PBXTargetDependency */ = {
			isa = PBXTargetDependency;
			target = 665650BC1FEF093000E00E02 /* Distrackt */;
			targetProxy = 665650D21FEF093000E00E02 /* PBXContainerItemProxy */;
		};
/* End PBXTargetDependency section */

/* Begin PBXVariantGroup section */
		665650C41FEF093000E00E02 /* Main.storyboard */ = {
			isa = PBXVariantGroup;
			children = (
				665650C51FEF093000E00E02 /* Base */,
			);
			name = Main.storyboard;
			sourceTree = "<group>";
		};
		665650C91FEF093000E00E02 /* LaunchScreen.storyboard */ = {
			isa = PBXVariantGroup;
			children = (
				665650CA1FEF093000E00E02 /* Base */,
			);
			name = LaunchScreen.storyboard;
			sourceTree = "<group>";
		};
/* End PBXVariantGroup section */

/* Begin XCBuildConfiguration section */
		665650D81FEF093100E00E02 /* Debug */ = {
			isa = XCBuildConfiguration;
			buildSettings = {
				ALWAYS_SEARCH_USER_PATHS = NO;
				CLANG_ANALYZER_NONNULL = YES;
				CLANG_ANALYZER_NUMBER_OBJECT_CONVERSION = YES_AGGRESSIVE;
				CLANG_CXX_LANGUAGE_STANDARD = "gnu++0x";
				CLANG_CXX_LIBRARY = "libc++";
				CLANG_ENABLE_MODULES = YES;
				CLANG_ENABLE_OBJC_ARC = YES;
				CLANG_WARN_BOOL_CONVERSION = YES;
				CLANG_WARN_CONSTANT_CONVERSION = YES;
				CLANG_WARN_DIRECT_OBJC_ISA_USAGE = YES_ERROR;
				CLANG_WARN_DOCUMENTATION_COMMENTS = YES;
				CLANG_WARN_EMPTY_BODY = YES;
				CLANG_WARN_ENUM_CONVERSION = YES;
				CLANG_WARN_INFINITE_RECURSION = YES;
				CLANG_WARN_INT_CONVERSION = YES;
				CLANG_WARN_OBJC_ROOT_CLASS = YES_ERROR;
				CLANG_WARN_SUSPICIOUS_MOVE = YES;
				CLANG_WARN_UNREACHABLE_CODE = YES;
				CLANG_WARN__DUPLICATE_METHOD_MATCH = YES;
				"CODE_SIGN_IDENTITY[sdk=iphoneos*]" = "iPhone Developer";
				COPY_PHASE_STRIP = NO;
				DEBUG_INFORMATION_FORMAT = dwarf;
				ENABLE_STRICT_OBJC_MSGSEND = YES;
				ENABLE_TESTABILITY = YES;
				GCC_C_LANGUAGE_STANDARD = gnu99;
				GCC_DYNAMIC_NO_PIC = NO;
				GCC_NO_COMMON_BLOCKS = YES;
				GCC_OPTIMIZATION_LEVEL = 0;
				GCC_PREPROCESSOR_DEFINITIONS = (
					"DEBUG=1",
					"$(inherited)",
				);
				GCC_WARN_64_TO_32_BIT_CONVERSION = YES;
				GCC_WARN_ABOUT_RETURN_TYPE = YES_ERROR;
				GCC_WARN_UNDECLARED_SELECTOR = YES;
				GCC_WARN_UNINITIALIZED_AUTOS = YES_AGGRESSIVE;
				GCC_WARN_UNUSED_FUNCTION = YES;
				GCC_WARN_UNUSED_VARIABLE = YES;
				IPHONEOS_DEPLOYMENT_TARGET = 10.3;
				MTL_ENABLE_DEBUG_INFO = YES;
				ONLY_ACTIVE_ARCH = YES;
				SDKROOT = iphoneos;
				SWIFT_ACTIVE_COMPILATION_CONDITIONS = DEBUG;
				SWIFT_OPTIMIZATION_LEVEL = "-Onone";
				TARGETED_DEVICE_FAMILY = "1,2";
			};
			name = Debug;
		};
		665650D91FEF093100E00E02 /* Release */ = {
			isa = XCBuildConfiguration;
			buildSettings = {
				ALWAYS_SEARCH_USER_PATHS = NO;
				CLANG_ANALYZER_NONNULL = YES;
				CLANG_ANALYZER_NUMBER_OBJECT_CONVERSION = YES_AGGRESSIVE;
				CLANG_CXX_LANGUAGE_STANDARD = "gnu++0x";
				CLANG_CXX_LIBRARY = "libc++";
				CLANG_ENABLE_MODULES = YES;
				CLANG_ENABLE_OBJC_ARC = YES;
				CLANG_WARN_BOOL_CONVERSION = YES;
				CLANG_WARN_CONSTANT_CONVERSION = YES;
				CLANG_WARN_DIRECT_OBJC_ISA_USAGE = YES_ERROR;
				CLANG_WARN_DOCUMENTATION_COMMENTS = YES;
				CLANG_WARN_EMPTY_BODY = YES;
				CLANG_WARN_ENUM_CONVERSION = YES;
				CLANG_WARN_INFINITE_RECURSION = YES;
				CLANG_WARN_INT_CONVERSION = YES;
				CLANG_WARN_OBJC_ROOT_CLASS = YES_ERROR;
				CLANG_WARN_SUSPICIOUS_MOVE = YES;
				CLANG_WARN_UNREACHABLE_CODE = YES;
				CLANG_WARN__DUPLICATE_METHOD_MATCH = YES;
				"CODE_SIGN_IDENTITY[sdk=iphoneos*]" = "iPhone Developer";
				COPY_PHASE_STRIP = NO;
				DEBUG_INFORMATION_FORMAT = "dwarf-with-dsym";
				ENABLE_NS_ASSERTIONS = NO;
				ENABLE_STRICT_OBJC_MSGSEND = YES;
				GCC_C_LANGUAGE_STANDARD = gnu99;
				GCC_NO_COMMON_BLOCKS = YES;
				GCC_WARN_64_TO_32_BIT_CONVERSION = YES;
				GCC_WARN_ABOUT_RETURN_TYPE = YES_ERROR;
				GCC_WARN_UNDECLARED_SELECTOR = YES;
				GCC_WARN_UNINITIALIZED_AUTOS = YES_AGGRESSIVE;
				GCC_WARN_UNUSED_FUNCTION = YES;
				GCC_WARN_UNUSED_VARIABLE = YES;
				IPHONEOS_DEPLOYMENT_TARGET = 10.3;
				MTL_ENABLE_DEBUG_INFO = NO;
				SDKROOT = iphoneos;
				SWIFT_OPTIMIZATION_LEVEL = "-Owholemodule";
				TARGETED_DEVICE_FAMILY = "1,2";
				VALIDATE_PRODUCT = YES;
			};
			name = Release;
		};
		665650DB1FEF093100E00E02 /* Debug */ = {
			isa = XCBuildConfiguration;
			buildSettings = {
				ASSETCATALOG_COMPILER_APPICON_NAME = AppIcon;
				DEVELOPMENT_TEAM = R56WL9QPRA;
				INFOPLIST_FILE = Distrackt/Info.plist;
				LD_RUNPATH_SEARCH_PATHS = "$(inherited) @executable_path/Frameworks";
				PRODUCT_BUNDLE_IDENTIFIER = com.example.Distrackt;
				PRODUCT_NAME = "$(TARGET_NAME)";
				SWIFT_VERSION = 3.0;
			};
			name = Debug;
		};
		665650DC1FEF093100E00E02 /* Release */ = {
			isa = XCBuildConfiguration;
			buildSettings = {
				ASSETCATALOG_COMPILER_APPICON_NAME = AppIcon;
				DEVELOPMENT_TEAM = R56WL9QPRA;
				INFOPLIST_FILE = Distrackt/Info.plist;
				LD_RUNPATH_SEARCH_PATHS = "$(inherited) @executable_path/Frameworks";
				PRODUCT_BUNDLE_IDENTIFIER = com.example.Distrackt;
				PRODUCT_NAME = "$(TARGET_NAME)";
				SWIFT_VERSION = 3.0;
			};
			name = Release;
		};
		665650DE1FEF093100E00E02 /* Debug */ = {
			isa = XCBuildConfiguration;
			buildSettings = {
				ALWAYS_EMBED_SWIFT_STANDARD_LIBRARIES = YES;
				BUNDLE_LOADER = "$(TEST_HOST)";
				INFOPLIST_FILE = DistracktTests/Info.plist;
				LD_RUNPATH_SEARCH_PATHS = "$(inherited) @executable_path/Frameworks @loader_path/Frameworks";
				PRODUCT_BUNDLE_IDENTIFIER = com.example.DistracktTests;
				PRODUCT_NAME = "$(TARGET_NAME)";
				SWIFT_VERSION = 3.0;
				TEST_HOST = "$(BUILT_PRODUCTS_DIR)/Distrackt.app/Distrackt";
			};
			name = Debug;
		};
		665650DF1FEF093100E00E02 /* Release */ = {
			isa = XCBuildConfiguration;
			buildSettings = {
				ALWAYS_EMBED_SWIFT_STANDARD_LIBRARIES = YES;
				BUNDLE_LOADER = "$(TEST_HOST)";
				INFOPLIST_FILE = DistracktTests/Info.plist;
				LD_RUNPATH_SEARCH_PATHS = "$(inherited) @executable_path/Frameworks @loader_path/Frameworks";
				PRODUCT_BUNDLE_IDENTIFIER = com.example.DistracktTests;
				PRODUCT_NAME = "$(TARGET_NAME)";
				SWIFT_VERSION = 3.0;
				TEST_HOST = "$(BUILT_PRODUCTS_DIR)/Distrackt.app/Distrackt";
			};
			name = Release;
		};
/* End XCBuildConfiguration section */

/* Begin XCConfigurationList section */
		665650B81FEF093000E00E02 /* Build configuration list for PBXProject "Distrackt" */ = {
			isa = XCConfigurationList;
			buildConfigurations = (
				665650D81FEF093100E00E02 /* Debug */,
				665650D91FEF093100E00E02 /* Release */,
			);
			defaultConfigurationIsVisible = 0;
			defaultConfigurationName = Release;
		};
		665650DA1FEF093100E00E02 /* Build configuration list for PBXNativeTarget "Distrackt" */ = {
			isa = XCConfigurationList;
			buildConfigurations = (
				665650DB1FEF093100E00E02 /* Debug */,
				665650DC1FEF093100E00E02 /* Release */,
			);
			defaultConfigurationIsVisible = 0;
		};
		665650DD1FEF093100E00E02 /* Build configuration list for PBXNativeTarget "DistracktTests" */ = {
			isa = XCConfigurationList;
			buildConfigurations = (
				665650DE1FEF093100E00E02 /* Debug */,
				665650DF1FEF093100E00E02 /* Release */,
			);
			defaultConfigurationIsVisible = 0;
		};
/* End XCConfigurationList section */
	};
	rootObject = 665650B51FEF093000E00E02 /* Project object */;
}
